
Microsoft Visual Studio Solution File, Format Version 12.00
# Visual Studio 15
VisualStudioVersion = 15.0.28307.421
MinimumVisualStudioVersion = 10.0.40219.1
Project("{FAE04EC0-301F-11D3-BF4B-00C04F79EFBC}") = "ToDoLists", "ToDoLists\ToDoLists.csproj", "{2CAC2BD5-C842-4C40-BB1D-B8BF294AE5C7}"
EndProject
Project("{FAE04EC0-301F-11D3-BF4B-00C04F79EFBC}") = "ToDoLists.Core", "ToDoLists.Core\ToDoLists.Core.csproj", "{8A4ABAD5-7C85-49F6-BC53-236E2CE23D26}"
EndProject
Global
	GlobalSection(SolutionConfigurationPlatforms) = preSolution
		Debug|Any CPU = Debug|Any CPU
		Release|Any CPU = Release|Any CPU
	EndGlobalSection
	GlobalSection(ProjectConfigurationPlatforms) = postSolution
		{2CAC2BD5-C842-4C40-BB1D-B8BF294AE5C7}.Debug|Any CPU.ActiveCfg = Debug|Any CPU
		{2CAC2BD5-C842-4C40-BB1D-B8BF294AE5C7}.Debug|Any CPU.Build.0 = Debug|Any CPU
		{2CAC2BD5-C842-4C40-BB1D-B8BF294AE5C7}.Release|Any CPU.ActiveCfg = Release|Any CPU
		{2CAC2BD5-C842-4C40-BB1D-B8BF294AE5C7}.Release|Any CPU.Build.0 = Release|Any CPU
		{8A4ABAD5-7C85-49F6-BC53-236E2CE23D26}.Debug|Any CPU.ActiveCfg = Debug|Any CPU
		{8A4ABAD5-7C85-49F6-BC53-236E2CE23D26}.Debug|Any CPU.Build.0 = Debug|Any CPU
		{8A4ABAD5-7C85-49F6-BC53-236E2CE23D26}.Release|Any CPU.ActiveCfg = Release|Any CPU
		{8A4ABAD5-7C85-49F6-BC53-236E2CE23D26}.Release|Any CPU.Build.0 = Release|Any CPU
	EndGlobalSection
	GlobalSection(SolutionProperties) = preSolution
		HideSolutionNode = FALSE
	EndGlobalSection
	GlobalSection(ExtensibilityGlobals) = postSolution
		SolutionGuid = {22052FC4-5025-4BE2-A2FA-EA3BA6AC8813}
	EndGlobalSection
EndGlobal
